// !$*UTF8*$!
{
	archiveVersion = 1;
	classes = {
	};
	objectVersion = 50;
	objects = {

/* Begin PBXBuildFile section */
		4E55EED825B4182E000C4D08 /* TopCollectionViewCell.swift in Sources */ = {isa = PBXBuildFile; fileRef = 4E55EED725B4182E000C4D08 /* TopCollectionViewCell.swift */; };
		4E55EEDD25B42895000C4D08 /* CollectionViewBrandCells.swift in Sources */ = {isa = PBXBuildFile; fileRef = 4E55EEDC25B42895000C4D08 /* CollectionViewBrandCells.swift */; };
		5FF480F625B3BF8400FFFF6B /* BrandCollectionViewCell.swift in Sources */ = {isa = PBXBuildFile; fileRef = 5FF480F425B3BF8400FFFF6B /* BrandCollectionViewCell.swift */; };
		5FF480F725B3BF8400FFFF6B /* BrandCollectionViewCell.xib in Resources */ = {isa = PBXBuildFile; fileRef = 5FF480F525B3BF8400FFFF6B /* BrandCollectionViewCell.xib */; };
		5FFC307A25B35B5C00C85F8A /* AppDelegate.swift in Sources */ = {isa = PBXBuildFile; fileRef = 5FFC307925B35B5C00C85F8A /* AppDelegate.swift */; };
		5FFC307C25B35B5C00C85F8A /* SceneDelegate.swift in Sources */ = {isa = PBXBuildFile; fileRef = 5FFC307B25B35B5C00C85F8A /* SceneDelegate.swift */; };
		5FFC307E25B35B5C00C85F8A /* ViewController.swift in Sources */ = {isa = PBXBuildFile; fileRef = 5FFC307D25B35B5C00C85F8A /* ViewController.swift */; };
		5FFC308125B35B5C00C85F8A /* Main.storyboard in Resources */ = {isa = PBXBuildFile; fileRef = 5FFC307F25B35B5C00C85F8A /* Main.storyboard */; };
		5FFC308325B35B5D00C85F8A /* Assets.xcassets in Resources */ = {isa = PBXBuildFile; fileRef = 5FFC308225B35B5D00C85F8A /* Assets.xcassets */; };
		5FFC308625B35B5D00C85F8A /* LaunchScreen.storyboard in Resources */ = {isa = PBXBuildFile; fileRef = 5FFC308425B35B5D00C85F8A /* LaunchScreen.storyboard */; };
		5FFC309125B35B5D00C85F8A /* RenterAppTests.swift in Sources */ = {isa = PBXBuildFile; fileRef = 5FFC309025B35B5D00C85F8A /* RenterAppTests.swift */; };
		5FFC309C25B35B5D00C85F8A /* RenterAppUITests.swift in Sources */ = {isa = PBXBuildFile; fileRef = 5FFC309B25B35B5D00C85F8A /* RenterAppUITests.swift */; };
		5FFC30BE25B36CFA00C85F8A /* CollectionViewCell.swift in Sources */ = {isa = PBXBuildFile; fileRef = 5FFC30BC25B36CFA00C85F8A /* CollectionViewCell.swift */; };
		5FFC30BF25B36CFA00C85F8A /* CollectionViewCell.xib in Resources */ = {isa = PBXBuildFile; fileRef = 5FFC30BD25B36CFA00C85F8A /* CollectionViewCell.xib */; };
/* End PBXBuildFile section */

/* Begin PBXContainerItemProxy section */
		5FFC308D25B35B5D00C85F8A /* PBXContainerItemProxy */ = {
			isa = PBXContainerItemProxy;
			containerPortal = 5FFC306E25B35B5C00C85F8A /* Project object */;
			proxyType = 1;
			remoteGlobalIDString = 5FFC307525B35B5C00C85F8A;
			remoteInfo = RenterApp;
		};
		5FFC309825B35B5D00C85F8A /* PBXContainerItemProxy */ = {
			isa = PBXContainerItemProxy;
			containerPortal = 5FFC306E25B35B5C00C85F8A /* Project object */;
			proxyType = 1;
			remoteGlobalIDString = 5FFC307525B35B5C00C85F8A;
			remoteInfo = RenterApp;
		};
/* End PBXContainerItemProxy section */

/* Begin PBXFileReference section */
		4E55EED725B4182E000C4D08 /* TopCollectionViewCell.swift */ = {isa = PBXFileReference; lastKnownFileType = sourcecode.swift; path = TopCollectionViewCell.swift; sourceTree = "<group>"; };
		4E55EEDC25B42895000C4D08 /* CollectionViewBrandCells.swift */ = {isa = PBXFileReference; lastKnownFileType = sourcecode.swift; path = CollectionViewBrandCells.swift; sourceTree = "<group>"; };
		5FF480F425B3BF8400FFFF6B /* BrandCollectionViewCell.swift */ = {isa = PBXFileReference; lastKnownFileType = sourcecode.swift; path = BrandCollectionViewCell.swift; sourceTree = "<group>"; };
		5FF480F525B3BF8400FFFF6B /* BrandCollectionViewCell.xib */ = {isa = PBXFileReference; lastKnownFileType = file.xib; path = BrandCollectionViewCell.xib; sourceTree = "<group>"; };
		5FFC307625B35B5C00C85F8A /* RenterApp.app */ = {isa = PBXFileReference; explicitFileType = wrapper.application; includeInIndex = 0; path = RenterApp.app; sourceTree = BUILT_PRODUCTS_DIR; };
		5FFC307925B35B5C00C85F8A /* AppDelegate.swift */ = {isa = PBXFileReference; lastKnownFileType = sourcecode.swift; path = AppDelegate.swift; sourceTree = "<group>"; };
		5FFC307B25B35B5C00C85F8A /* SceneDelegate.swift */ = {isa = PBXFileReference; lastKnownFileType = sourcecode.swift; path = SceneDelegate.swift; sourceTree = "<group>"; };
		5FFC307D25B35B5C00C85F8A /* ViewController.swift */ = {isa = PBXFileReference; lastKnownFileType = sourcecode.swift; path = ViewController.swift; sourceTree = "<group>"; };
		5FFC308025B35B5C00C85F8A /* Base */ = {isa = PBXFileReference; lastKnownFileType = file.storyboard; name = Base; path = Base.lproj/Main.storyboard; sourceTree = "<group>"; };
		5FFC308225B35B5D00C85F8A /* Assets.xcassets */ = {isa = PBXFileReference; lastKnownFileType = folder.assetcatalog; path = Assets.xcassets; sourceTree = "<group>"; };
		5FFC308525B35B5D00C85F8A /* Base */ = {isa = PBXFileReference; lastKnownFileType = file.storyboard; name = Base; path = Base.lproj/LaunchScreen.storyboard; sourceTree = "<group>"; };
		5FFC308725B35B5D00C85F8A /* Info.plist */ = {isa = PBXFileReference; lastKnownFileType = text.plist.xml; path = Info.plist; sourceTree = "<group>"; };
		5FFC308C25B35B5D00C85F8A /* RenterAppTests.xctest */ = {isa = PBXFileReference; explicitFileType = wrapper.cfbundle; includeInIndex = 0; path = RenterAppTests.xctest; sourceTree = BUILT_PRODUCTS_DIR; };
		5FFC309025B35B5D00C85F8A /* RenterAppTests.swift */ = {isa = PBXFileReference; lastKnownFileType = sourcecode.swift; path = RenterAppTests.swift; sourceTree = "<group>"; };
		5FFC309225B35B5D00C85F8A /* Info.plist */ = {isa = PBXFileReference; lastKnownFileType = text.plist.xml; path = Info.plist; sourceTree = "<group>"; };
		5FFC309725B35B5D00C85F8A /* RenterAppUITests.xctest */ = {isa = PBXFileReference; explicitFileType = wrapper.cfbundle; includeInIndex = 0; path = RenterAppUITests.xctest; sourceTree = BUILT_PRODUCTS_DIR; };
		5FFC309B25B35B5D00C85F8A /* RenterAppUITests.swift */ = {isa = PBXFileReference; lastKnownFileType = sourcecode.swift; path = RenterAppUITests.swift; sourceTree = "<group>"; };
		5FFC309D25B35B5D00C85F8A /* Info.plist */ = {isa = PBXFileReference; lastKnownFileType = text.plist.xml; path = Info.plist; sourceTree = "<group>"; };
		5FFC30BC25B36CFA00C85F8A /* CollectionViewCell.swift */ = {isa = PBXFileReference; lastKnownFileType = sourcecode.swift; path = CollectionViewCell.swift; sourceTree = "<group>"; };
		5FFC30BD25B36CFA00C85F8A /* CollectionViewCell.xib */ = {isa = PBXFileReference; lastKnownFileType = file.xib; path = CollectionViewCell.xib; sourceTree = "<group>"; };
/* End PBXFileReference section */

/* Begin PBXFrameworksBuildPhase section */
		5FFC307325B35B5C00C85F8A /* Frameworks */ = {
			isa = PBXFrameworksBuildPhase;
			buildActionMask = 2147483647;
			files = (
			);
			runOnlyForDeploymentPostprocessing = 0;
		};
		5FFC308925B35B5D00C85F8A /* Frameworks */ = {
			isa = PBXFrameworksBuildPhase;
			buildActionMask = 2147483647;
			files = (
			);
			runOnlyForDeploymentPostprocessing = 0;
		};
		5FFC309425B35B5D00C85F8A /* Frameworks */ = {
			isa = PBXFrameworksBuildPhase;
			buildActionMask = 2147483647;
			files = (
			);
			runOnlyForDeploymentPostprocessing = 0;
		};
/* End PBXFrameworksBuildPhase section */

/* Begin PBXGroup section */
		5FFC306D25B35B5C00C85F8A = {
			isa = PBXGroup;
			children = (
				5FFC307825B35B5C00C85F8A /* RenterApp */,
				5FFC308F25B35B5D00C85F8A /* RenterAppTests */,
				5FFC309A25B35B5D00C85F8A /* RenterAppUITests */,
				5FFC307725B35B5C00C85F8A /* Products */,
			);
			sourceTree = "<group>";
		};
		5FFC307725B35B5C00C85F8A /* Products */ = {
			isa = PBXGroup;
			children = (
				5FFC307625B35B5C00C85F8A /* RenterApp.app */,
				5FFC308C25B35B5D00C85F8A /* RenterAppTests.xctest */,
				5FFC309725B35B5D00C85F8A /* RenterAppUITests.xctest */,
			);
			name = Products;
			sourceTree = "<group>";
		};
		5FFC307825B35B5C00C85F8A /* RenterApp */ = {
			isa = PBXGroup;
			children = (
				5FFC307925B35B5C00C85F8A /* AppDelegate.swift */,
				5FFC307B25B35B5C00C85F8A /* SceneDelegate.swift */,
				5FFC307D25B35B5C00C85F8A /* ViewController.swift */,
				5FFC307F25B35B5C00C85F8A /* Main.storyboard */,
				4E55EEDC25B42895000C4D08 /* CollectionViewBrandCells.swift */,
				4E55EED725B4182E000C4D08 /* TopCollectionViewCell.swift */,
				5FF480F425B3BF8400FFFF6B /* BrandCollectionViewCell.swift */,
				5FF480F525B3BF8400FFFF6B /* BrandCollectionViewCell.xib */,
				5FFC30BC25B36CFA00C85F8A /* CollectionViewCell.swift */,
				5FFC30BD25B36CFA00C85F8A /* CollectionViewCell.xib */,
				5FFC308225B35B5D00C85F8A /* Assets.xcassets */,
				5FFC308425B35B5D00C85F8A /* LaunchScreen.storyboard */,
				5FFC308725B35B5D00C85F8A /* Info.plist */,
			);
			path = RenterApp;
			sourceTree = "<group>";
		};
		5FFC308F25B35B5D00C85F8A /* RenterAppTests */ = {
			isa = PBXGroup;
			children = (
				5FFC309025B35B5D00C85F8A /* RenterAppTests.swift */,
				5FFC309225B35B5D00C85F8A /* Info.plist */,
			);
			path = RenterAppTests;
			sourceTree = "<group>";
		};
		5FFC309A25B35B5D00C85F8A /* RenterAppUITests */ = {
			isa = PBXGroup;
			children = (
				5FFC309B25B35B5D00C85F8A /* RenterAppUITests.swift */,
				5FFC309D25B35B5D00C85F8A /* Info.plist */,
			);
			path = RenterAppUITests;
			sourceTree = "<group>";
		};
/* End PBXGroup section */

/* Begin PBXNativeTarget section */
		5FFC307525B35B5C00C85F8A /* RenterApp */ = {
			isa = PBXNativeTarget;
			buildConfigurationList = 5FFC30A025B35B5D00C85F8A /* Build configuration list for PBXNativeTarget "RenterApp" */;
			buildPhases = (
				5FFC307225B35B5C00C85F8A /* Sources */,
				5FFC307325B35B5C00C85F8A /* Frameworks */,
				5FFC307425B35B5C00C85F8A /* Resources */,
			);
			buildRules = (
			);
			dependencies = (
			);
			name = RenterApp;
			productName = RenterApp;
			productReference = 5FFC307625B35B5C00C85F8A /* RenterApp.app */;
			productType = "com.apple.product-type.application";
		};
		5FFC308B25B35B5D00C85F8A /* RenterAppTests */ = {
			isa = PBXNativeTarget;
			buildConfigurationList = 5FFC30A325B35B5D00C85F8A /* Build configuration list for PBXNativeTarget "RenterAppTests" */;
			buildPhases = (
				5FFC308825B35B5D00C85F8A /* Sources */,
				5FFC308925B35B5D00C85F8A /* Frameworks */,
				5FFC308A25B35B5D00C85F8A /* Resources */,
			);
			buildRules = (
			);
			dependencies = (
				5FFC308E25B35B5D00C85F8A /* PBXTargetDependency */,
			);
			name = RenterAppTests;
			productName = RenterAppTests;
			productReference = 5FFC308C25B35B5D00C85F8A /* RenterAppTests.xctest */;
			productType = "com.apple.product-type.bundle.unit-test";
		};
		5FFC309625B35B5D00C85F8A /* RenterAppUITests */ = {
			isa = PBXNativeTarget;
			buildConfigurationList = 5FFC30A625B35B5D00C85F8A /* Build configuration list for PBXNativeTarget "RenterAppUITests" */;
			buildPhases = (
				5FFC309325B35B5D00C85F8A /* Sources */,
				5FFC309425B35B5D00C85F8A /* Frameworks */,
				5FFC309525B35B5D00C85F8A /* Resources */,
			);
			buildRules = (
			);
			dependencies = (
				5FFC309925B35B5D00C85F8A /* PBXTargetDependency */,
			);
			name = RenterAppUITests;
			productName = RenterAppUITests;
			productReference = 5FFC309725B35B5D00C85F8A /* RenterAppUITests.xctest */;
			productType = "com.apple.product-type.bundle.ui-testing";
		};
/* End PBXNativeTarget section */

/* Begin PBXProject section */
		5FFC306E25B35B5C00C85F8A /* Project object */ = {
			isa = PBXProject;
			attributes = {
				LastSwiftUpdateCheck = 1230;
				LastUpgradeCheck = 1230;
				TargetAttributes = {
					5FFC307525B35B5C00C85F8A = {
						CreatedOnToolsVersion = 12.3;
					};
					5FFC308B25B35B5D00C85F8A = {
						CreatedOnToolsVersion = 12.3;
						TestTargetID = 5FFC307525B35B5C00C85F8A;
					};
					5FFC309625B35B5D00C85F8A = {
						CreatedOnToolsVersion = 12.3;
						TestTargetID = 5FFC307525B35B5C00C85F8A;
					};
				};
			};
			buildConfigurationList = 5FFC307125B35B5C00C85F8A /* Build configuration list for PBXProject "RenterApp" */;
			compatibilityVersion = "Xcode 9.3";
			developmentRegion = en;
			hasScannedForEncodings = 0;
			knownRegions = (
				en,
				Base,
			);
			mainGroup = 5FFC306D25B35B5C00C85F8A;
			productRefGroup = 5FFC307725B35B5C00C85F8A /* Products */;
			projectDirPath = "";
			projectRoot = "";
			targets = (
				5FFC307525B35B5C00C85F8A /* RenterApp */,
				5FFC308B25B35B5D00C85F8A /* RenterAppTests */,
				5FFC309625B35B5D00C85F8A /* RenterAppUITests */,
			);
		};
/* End PBXProject section */

/* Begin PBXResourcesBuildPhase section */
		5FFC307425B35B5C00C85F8A /* Resources */ = {
			isa = PBXResourcesBuildPhase;
			buildActionMask = 2147483647;
			files = (
				5FFC308625B35B5D00C85F8A /* LaunchScreen.storyboard in Resources */,
				5FFC308325B35B5D00C85F8A /* Assets.xcassets in Resources */,
				5FF480F725B3BF8400FFFF6B /* BrandCollectionViewCell.xib in Resources */,
				5FFC30BF25B36CFA00C85F8A /* CollectionViewCell.xib in Resources */,
				5FFC308125B35B5C00C85F8A /* Main.storyboard in Resources */,
			);
			runOnlyForDeploymentPostprocessing = 0;
		};
		5FFC308A25B35B5D00C85F8A /* Resources */ = {
			isa = PBXResourcesBuildPhase;
			buildActionMask = 2147483647;
			files = (
			);
			runOnlyForDeploymentPostprocessing = 0;
		};
		5FFC309525B35B5D00C85F8A /* Resources */ = {
			isa = PBXResourcesBuildPhase;
			buildActionMask = 2147483647;
			files = (
			);
			runOnlyForDeploymentPostprocessing = 0;
		};
/* End PBXResourcesBuildPhase section */

/* Begin PBXSourcesBuildPhase section */
		5FFC307225B35B5C00C85F8A /* Sources */ = {
			isa = PBXSourcesBuildPhase;
			buildActionMask = 2147483647;
			files = (
				4E55EED825B4182E000C4D08 /* TopCollectionViewCell.swift in Sources */,
				4E55EEDD25B42895000C4D08 /* CollectionViewBrandCells.swift in Sources */,
				5FFC307E25B35B5C00C85F8A /* ViewController.swift in Sources */,
				5FF480F625B3BF8400FFFF6B /* BrandCollectionViewCell.swift in Sources */,
				5FFC307A25B35B5C00C85F8A /* AppDelegate.swift in Sources */,
				5FFC30BE25B36CFA00C85F8A /* CollectionViewCell.swift in Sources */,
				5FFC307C25B35B5C00C85F8A /* SceneDelegate.swift in Sources */,
			);
			runOnlyForDeploymentPostprocessing = 0;
		};
		5FFC308825B35B5D00C85F8A /* Sources */ = {
			isa = PBXSourcesBuildPhase;
			buildActionMask = 2147483647;
			files = (
				5FFC309125B35B5D00C85F8A /* RenterAppTests.swift in Sources */,
			);
			runOnlyForDeploymentPostprocessing = 0;
		};
		5FFC309325B35B5D00C85F8A /* Sources */ = {
			isa = PBXSourcesBuildPhase;
			buildActionMask = 2147483647;
			files = (
				5FFC309C25B35B5D00C85F8A /* RenterAppUITests.swift in Sources */,
			);
			runOnlyForDeploymentPostprocessing = 0;
		};
/* End PBXSourcesBuildPhase section */

/* Begin PBXTargetDependency section */
		5FFC308E25B35B5D00C85F8A /* PBXTargetDependency */ = {
			isa = PBXTargetDependency;
			target = 5FFC307525B35B5C00C85F8A /* RenterApp */;
			targetProxy = 5FFC308D25B35B5D00C85F8A /* PBXContainerItemProxy */;
		};
		5FFC309925B35B5D00C85F8A /* PBXTargetDependency */ = {
			isa = PBXTargetDependency;
			target = 5FFC307525B35B5C00C85F8A /* RenterApp */;
			targetProxy = 5FFC309825B35B5D00C85F8A /* PBXContainerItemProxy */;
		};
/* End PBXTargetDependency section */

/* Begin PBXVariantGroup section */
		5FFC307F25B35B5C00C85F8A /* Main.storyboard */ = {
			isa = PBXVariantGroup;
			children = (
				5FFC308025B35B5C00C85F8A /* Base */,
			);
			name = Main.storyboard;
			sourceTree = "<group>";
		};
		5FFC308425B35B5D00C85F8A /* LaunchScreen.storyboard */ = {
			isa = PBXVariantGroup;
			children = (
				5FFC308525B35B5D00C85F8A /* Base */,
			);
			name = LaunchScreen.storyboard;
			sourceTree = "<group>";
		};
/* End PBXVariantGroup section */

/* Begin XCBuildConfiguration section */
		5FFC309E25B35B5D00C85F8A /* Debug */ = {
			isa = XCBuildConfiguration;
			buildSettings = {
				ALWAYS_SEARCH_USER_PATHS = NO;
				CLANG_ANALYZER_NONNULL = YES;
				CLANG_ANALYZER_NUMBER_OBJECT_CONVERSION = YES_AGGRESSIVE;
				CLANG_CXX_LANGUAGE_STANDARD = "gnu++14";
				CLANG_CXX_LIBRARY = "libc++";
				CLANG_ENABLE_MODULES = YES;
				CLANG_ENABLE_OBJC_ARC = YES;
				CLANG_ENABLE_OBJC_WEAK = YES;
				CLANG_WARN_BLOCK_CAPTURE_AUTORELEASING = YES;
				CLANG_WARN_BOOL_CONVERSION = YES;
				CLANG_WARN_COMMA = YES;
				CLANG_WARN_CONSTANT_CONVERSION = YES;
				CLANG_WARN_DEPRECATED_OBJC_IMPLEMENTATIONS = YES;
				CLANG_WARN_DIRECT_OBJC_ISA_USAGE = YES_ERROR;
				CLANG_WARN_DOCUMENTATION_COMMENTS = YES;
				CLANG_WARN_EMPTY_BODY = YES;
				CLANG_WARN_ENUM_CONVERSION = YES;
				CLANG_WARN_INFINITE_RECURSION = YES;
				CLANG_WARN_INT_CONVERSION = YES;
				CLANG_WARN_NON_LITERAL_NULL_CONVERSION = YES;
				CLANG_WARN_OBJC_IMPLICIT_RETAIN_SELF = YES;
				CLANG_WARN_OBJC_LITERAL_CONVERSION = YES;
				CLANG_WARN_OBJC_ROOT_CLASS = YES_ERROR;
				CLANG_WARN_QUOTED_INCLUDE_IN_FRAMEWORK_HEADER = YES;
				CLANG_WARN_RANGE_LOOP_ANALYSIS = YES;
				CLANG_WARN_STRICT_PROTOTYPES = YES;
				CLANG_WARN_SUSPICIOUS_MOVE = YES;
				CLANG_WARN_UNGUARDED_AVAILABILITY = YES_AGGRESSIVE;
				CLANG_WARN_UNREACHABLE_CODE = YES;
				CLANG_WARN__DUPLICATE_METHOD_MATCH = YES;
				COPY_PHASE_STRIP = NO;
				DEBUG_INFORMATION_FORMAT = dwarf;
				ENABLE_STRICT_OBJC_MSGSEND = YES;
				ENABLE_TESTABILITY = YES;
				GCC_C_LANGUAGE_STANDARD = gnu11;
				GCC_DYNAMIC_NO_PIC = NO;
				GCC_NO_COMMON_BLOCKS = YES;
				GCC_OPTIMIZATION_LEVEL = 0;
				GCC_PREPROCESSOR_DEFINITIONS = (
					"DEBUG=1",
					"$(inherited)",
				);
				GCC_WARN_64_TO_32_BIT_CONVERSION = YES;
				GCC_WARN_ABOUT_RETURN_TYPE = YES_ERROR;
				GCC_WARN_UNDECLARED_SELECTOR = YES;
				GCC_WARN_UNINITIALIZED_AUTOS = YES_AGGRESSIVE;
				GCC_WARN_UNUSED_FUNCTION = YES;
				GCC_WARN_UNUSED_VARIABLE = YES;
				IPHONEOS_DEPLOYMENT_TARGET = 14.3;
				MTL_ENABLE_DEBUG_INFO = INCLUDE_SOURCE;
				MTL_FAST_MATH = YES;
				ONLY_ACTIVE_ARCH = YES;
				SDKROOT = iphoneos;
				SWIFT_ACTIVE_COMPILATION_CONDITIONS = DEBUG;
				SWIFT_OPTIMIZATION_LEVEL = "-Onone";
			};
			name = Debug;
		};
		5FFC309F25B35B5D00C85F8A /* Release */ = {
			isa = XCBuildConfiguration;
			buildSettings = {
				ALWAYS_SEARCH_USER_PATHS = NO;
				CLANG_ANALYZER_NONNULL = YES;
				CLANG_ANALYZER_NUMBER_OBJECT_CONVERSION = YES_AGGRESSIVE;
				CLANG_CXX_LANGUAGE_STANDARD = "gnu++14";
				CLANG_CXX_LIBRARY = "libc++";
				CLANG_ENABLE_MODULES = YES;
				CLANG_ENABLE_OBJC_ARC = YES;
				CLANG_ENABLE_OBJC_WEAK = YES;
				CLANG_WARN_BLOCK_CAPTURE_AUTORELEASING = YES;
				CLANG_WARN_BOOL_CONVERSION = YES;
				CLANG_WARN_COMMA = YES;
				CLANG_WARN_CONSTANT_CONVERSION = YES;
				CLANG_WARN_DEPRECATED_OBJC_IMPLEMENTATIONS = YES;
				CLANG_WARN_DIRECT_OBJC_ISA_USAGE = YES_ERROR;
				CLANG_WARN_DOCUMENTATION_COMMENTS = YES;
				CLANG_WARN_EMPTY_BODY = YES;
				CLANG_WARN_ENUM_CONVERSION = YES;
				CLANG_WARN_INFINITE_RECURSION = YES;
				CLANG_WARN_INT_CONVERSION = YES;
				CLANG_WARN_NON_LITERAL_NULL_CONVERSION = YES;
				CLANG_WARN_OBJC_IMPLICIT_RETAIN_SELF = YES;
				CLANG_WARN_OBJC_LITERAL_CONVERSION = YES;
				CLANG_WARN_OBJC_ROOT_CLASS = YES_ERROR;
				CLANG_WARN_QUOTED_INCLUDE_IN_FRAMEWORK_HEADER = YES;
				CLANG_WARN_RANGE_LOOP_ANALYSIS = YES;
				CLANG_WARN_STRICT_PROTOTYPES = YES;
				CLANG_WARN_SUSPICIOUS_MOVE = YES;
				CLANG_WARN_UNGUARDED_AVAILABILITY = YES_AGGRESSIVE;
				CLANG_WARN_UNREACHABLE_CODE = YES;
				CLANG_WARN__DUPLICATE_METHOD_MATCH = YES;
				COPY_PHASE_STRIP = NO;
				DEBUG_INFORMATION_FORMAT = "dwarf-with-dsym";
				ENABLE_NS_ASSERTIONS = NO;
				ENABLE_STRICT_OBJC_MSGSEND = YES;
				GCC_C_LANGUAGE_STANDARD = gnu11;
				GCC_NO_COMMON_BLOCKS = YES;
				GCC_WARN_64_TO_32_BIT_CONVERSION = YES;
				GCC_WARN_ABOUT_RETURN_TYPE = YES_ERROR;
				GCC_WARN_UNDECLARED_SELECTOR = YES;
				GCC_WARN_UNINITIALIZED_AUTOS = YES_AGGRESSIVE;
				GCC_WARN_UNUSED_FUNCTION = YES;
				GCC_WARN_UNUSED_VARIABLE = YES;
				IPHONEOS_DEPLOYMENT_TARGET = 14.3;
				MTL_ENABLE_DEBUG_INFO = NO;
				MTL_FAST_MATH = YES;
				SDKROOT = iphoneos;
				SWIFT_COMPILATION_MODE = wholemodule;
				SWIFT_OPTIMIZATION_LEVEL = "-O";
				VALIDATE_PRODUCT = YES;
			};
			name = Release;
		};
		5FFC30A125B35B5D00C85F8A /* Debug */ = {
			isa = XCBuildConfiguration;
			buildSettings = {
				ASSETCATALOG_COMPILER_APPICON_NAME = AppIcon;
				ASSETCATALOG_COMPILER_GLOBAL_ACCENT_COLOR_NAME = AccentColor;
				CODE_SIGN_STYLE = Automatic;
				INFOPLIST_FILE = RenterApp/Info.plist;
				LD_RUNPATH_SEARCH_PATHS = (
					"$(inherited)",
					"@executable_path/Frameworks",
				);
				PRODUCT_BUNDLE_IDENTIFIER = com.ak.app.RenterApp;
				PRODUCT_NAME = "$(TARGET_NAME)";
				SWIFT_VERSION = 5.0;
				TARGETED_DEVICE_FAMILY = "1,2";
			};
			name = Debug;
		};
		5FFC30A225B35B5D00C85F8A /* Release */ = {
			isa = XCBuildConfiguration;
			buildSettings = {
				ASSETCATALOG_COMPILER_APPICON_NAME = AppIcon;
				ASSETCATALOG_COMPILER_GLOBAL_ACCENT_COLOR_NAME = AccentColor;
				CODE_SIGN_STYLE = Automatic;
				INFOPLIST_FILE = RenterApp/Info.plist;
				LD_RUNPATH_SEARCH_PATHS = (
					"$(inherited)",
					"@executable_path/Frameworks",
				);
				PRODUCT_BUNDLE_IDENTIFIER = com.ak.app.RenterApp;
				PRODUCT_NAME = "$(TARGET_NAME)";
				SWIFT_VERSION = 5.0;
				TARGETED_DEVICE_FAMILY = "1,2";
			};
			name = Release;
		};
		5FFC30A425B35B5D00C85F8A /* Debug */ = {
			isa = XCBuildConfiguration;
			buildSettings = {
				ALWAYS_EMBED_SWIFT_STANDARD_LIBRARIES = YES;
				BUNDLE_LOADER = "$(TEST_HOST)";
				CODE_SIGN_STYLE = Automatic;
				INFOPLIST_FILE = RenterAppTests/Info.plist;
				IPHONEOS_DEPLOYMENT_TARGET = 14.3;
				LD_RUNPATH_SEARCH_PATHS = (
					"$(inherited)",
					"@executable_path/Frameworks",
					"@loader_path/Frameworks",
				);
				PRODUCT_BUNDLE_IDENTIFIER = com.ak.app.RenterAppTests;
				PRODUCT_NAME = "$(TARGET_NAME)";
				SWIFT_VERSION = 5.0;
				TARGETED_DEVICE_FAMILY = "1,2";
				TEST_HOST = "$(BUILT_PRODUCTS_DIR)/RenterApp.app/RenterApp";
			};
			name = Debug;
		};
		5FFC30A525B35B5D00C85F8A /* Release */ = {
			isa = XCBuildConfiguration;
			buildSettings = {
				ALWAYS_EMBED_SWIFT_STANDARD_LIBRARIES = YES;
				BUNDLE_LOADER = "$(TEST_HOST)";
				CODE_SIGN_STYLE = Automatic;
				INFOPLIST_FILE = RenterAppTests/Info.plist;
				IPHONEOS_DEPLOYMENT_TARGET = 14.3;
				LD_RUNPATH_SEARCH_PATHS = (
					"$(inherited)",
					"@executable_path/Frameworks",
					"@loader_path/Frameworks",
				);
				PRODUCT_BUNDLE_IDENTIFIER = com.ak.app.RenterAppTests;
				PRODUCT_NAME = "$(TARGET_NAME)";
				SWIFT_VERSION = 5.0;
				TARGETED_DEVICE_FAMILY = "1,2";
				TEST_HOST = "$(BUILT_PRODUCTS_DIR)/RenterApp.app/RenterApp";
			};
			name = Release;
		};
		5FFC30A725B35B5D00C85F8A /* Debug */ = {
			isa = XCBuildConfiguration;
			buildSettings = {
				ALWAYS_EMBED_SWIFT_STANDARD_LIBRARIES = YES;
				CODE_SIGN_STYLE = Automatic;
				INFOPLIST_FILE = RenterAppUITests/Info.plist;
				LD_RUNPATH_SEARCH_PATHS = (
					"$(inherited)",
					"@executable_path/Frameworks",
					"@loader_path/Frameworks",
				);
				PRODUCT_BUNDLE_IDENTIFIER = com.ak.app.RenterAppUITests;
				PRODUCT_NAME = "$(TARGET_NAME)";
				SWIFT_VERSION = 5.0;
				TARGETED_DEVICE_FAMILY = "1,2";
				TEST_TARGET_NAME = RenterApp;
			};
			name = Debug;
		};
		5FFC30A825B35B5D00C85F8A /* Release */ = {
			isa = XCBuildConfiguration;
			buildSettings = {
				ALWAYS_EMBED_SWIFT_STANDARD_LIBRARIES = YES;
				CODE_SIGN_STYLE = Automatic;
				INFOPLIST_FILE = RenterAppUITests/Info.plist;
				LD_RUNPATH_SEARCH_PATHS = (
					"$(inherited)",
					"@executable_path/Frameworks",
					"@loader_path/Frameworks",
				);
				PRODUCT_BUNDLE_IDENTIFIER = com.ak.app.RenterAppUITests;
				PRODUCT_NAME = "$(TARGET_NAME)";
				SWIFT_VERSION = 5.0;
				TARGETED_DEVICE_FAMILY = "1,2";
				TEST_TARGET_NAME = RenterApp;
			};
			name = Release;
		};
/* End XCBuildConfiguration section */

/* Begin XCConfigurationList section */
		5FFC307125B35B5C00C85F8A /* Build configuration list for PBXProject "RenterApp" */ = {
			isa = XCConfigurationList;
			buildConfigurations = (
				5FFC309E25B35B5D00C85F8A /* Debug */,
				5FFC309F25B35B5D00C85F8A /* Release */,
			);
			defaultConfigurationIsVisible = 0;
			defaultConfigurationName = Release;
		};
		5FFC30A025B35B5D00C85F8A /* Build configuration list for PBXNativeTarget "RenterApp" */ = {
			isa = XCConfigurationList;
			buildConfigurations = (
				5FFC30A125B35B5D00C85F8A /* Debug */,
				5FFC30A225B35B5D00C85F8A /* Release */,
			);
			defaultConfigurationIsVisible = 0;
			defaultConfigurationName = Release;
		};
		5FFC30A325B35B5D00C85F8A /* Build configuration list for PBXNativeTarget "RenterAppTests" */ = {
			isa = XCConfigurationList;
			buildConfigurations = (
				5FFC30A425B35B5D00C85F8A /* Debug */,
				5FFC30A525B35B5D00C85F8A /* Release */,
			);
			defaultConfigurationIsVisible = 0;
			defaultConfigurationName = Release;
		};
		5FFC30A625B35B5D00C85F8A /* Build configuration list for PBXNativeTarget "RenterAppUITests" */ = {
			isa = XCConfigurationList;
			buildConfigurations = (
				5FFC30A725B35B5D00C85F8A /* Debug */,
				5FFC30A825B35B5D00C85F8A /* Release */,
			);
			defaultConfigurationIsVisible = 0;
			defaultConfigurationName = Release;
		};
/* End XCConfigurationList section */
	};
	rootObject = 5FFC306E25B35B5C00C85F8A /* Project object */;
}
